
Microsoft Visual Studio Solution File, Format Version 12.00
# Visual Studio Version 17
VisualStudioVersion = 17.5.33424.131
MinimumVisualStudioVersion = 10.0.40219.1
Project("{9A19103F-16F7-4668-BE54-9A1E7A4F7556}") = "Trophy.App", "Trophy.App\Trophy.App.csproj", "{4DD5F706-431C-4F4C-A340-C5DB3CFC776F}"
EndProject
Project("{9A19103F-16F7-4668-BE54-9A1E7A4F7556}") = "Trophy.Data", "Trophy.Data\Trophy.Data.csproj", "{1484DC2E-212A-4803-9FFC-7A1DDAA5CFB1}"
EndProject
Project("{9A19103F-16F7-4668-BE54-9A1E7A4F7556}") = "Trophy.Service", "Trophy.Service\Trophy.Service.csproj", "{B71CB3B0-62E2-4C7A-8F8D-64A8DC5BA6E4}"
EndProject
Project("{9A19103F-16F7-4668-BE54-9A1E7A4F7556}") = "Trophy.Domain", "Trophy.Domain\Trophy.Domain.csproj", "{8D5BC272-A767-4B33-A1F3-E3F5E13A0C31}"
EndProject
Project("{FAE04EC0-301F-11D3-BF4B-00C04F79EFBC}") = "Trophy.Test", "Trophy.Test\Trophy.Test.csproj", "{D22CE4D9-96A2-4742-9B71-5E5F88806D5A}"
EndProject
Global
	GlobalSection(SolutionConfigurationPlatforms) = preSolution
		Debug|Any CPU = Debug|Any CPU
		Release|Any CPU = Release|Any CPU
	EndGlobalSection
	GlobalSection(ProjectConfigurationPlatforms) = postSolution
		{4DD5F706-431C-4F4C-A340-C5DB3CFC776F}.Debug|Any CPU.ActiveCfg = Debug|Any CPU
		{4DD5F706-431C-4F4C-A340-C5DB3CFC776F}.Debug|Any CPU.Build.0 = Debug|Any CPU
		{4DD5F706-431C-4F4C-A340-C5DB3CFC776F}.Release|Any CPU.ActiveCfg = Release|Any CPU
		{4DD5F706-431C-4F4C-A340-C5DB3CFC776F}.Release|Any CPU.Build.0 = Release|Any CPU
		{1484DC2E-212A-4803-9FFC-7A1DDAA5CFB1}.Debug|Any CPU.ActiveCfg = Debug|Any CPU
		{1484DC2E-212A-4803-9FFC-7A1DDAA5CFB1}.Debug|Any CPU.Build.0 = Debug|Any CPU
		{1484DC2E-212A-4803-9FFC-7A1DDAA5CFB1}.Release|Any CPU.ActiveCfg = Release|Any CPU
		{1484DC2E-212A-4803-9FFC-7A1DDAA5CFB1}.Release|Any CPU.Build.0 = Release|Any CPU
		{B71CB3B0-62E2-4C7A-8F8D-64A8DC5BA6E4}.Debug|Any CPU.ActiveCfg = Debug|Any CPU
		{B71CB3B0-62E2-4C7A-8F8D-64A8DC5BA6E4}.Debug|Any CPU.Build.0 = Debug|Any CPU
		{B71CB3B0-62E2-4C7A-8F8D-64A8DC5BA6E4}.Release|Any CPU.ActiveCfg = Release|Any CPU
		{B71CB3B0-62E2-4C7A-8F8D-64A8DC5BA6E4}.Release|Any CPU.Build.0 = Release|Any CPU
		{8D5BC272-A767-4B33-A1F3-E3F5E13A0C31}.Debug|Any CPU.ActiveCfg = Debug|Any CPU
		{8D5BC272-A767-4B33-A1F3-E3F5E13A0C31}.Debug|Any CPU.Build.0 = Debug|Any CPU
		{8D5BC272-A767-4B33-A1F3-E3F5E13A0C31}.Release|Any CPU.ActiveCfg = Release|Any CPU
		{8D5BC272-A767-4B33-A1F3-E3F5E13A0C31}.Release|Any CPU.Build.0 = Release|Any CPU
		{D22CE4D9-96A2-4742-9B71-5E5F88806D5A}.Debug|Any CPU.ActiveCfg = Debug|Any CPU
		{D22CE4D9-96A2-4742-9B71-5E5F88806D5A}.Debug|Any CPU.Build.0 = Debug|Any CPU
		{D22CE4D9-96A2-4742-9B71-5E5F88806D5A}.Release|Any CPU.ActiveCfg = Release|Any CPU
		{D22CE4D9-96A2-4742-9B71-5E5F88806D5A}.Release|Any CPU.Build.0 = Release|Any CPU
	EndGlobalSection
	GlobalSection(SolutionProperties) = preSolution
		HideSolutionNode = FALSE
	EndGlobalSection
	GlobalSection(ExtensibilityGlobals) = postSolution
		SolutionGuid = {D7BC6FAA-0E93-4679-840B-596B8FD5B7F2}
	EndGlobalSection
EndGlobal
